{
  "nodes": {
    "flake-compat": {
      "flake": false,
      "locked": {
        "lastModified": 1696426674,
        "narHash": "sha256-kvjfFW7WAETZlt09AgDn1MrtKzP7t90Vf7vypd3OL1U=",
        "owner": "edolstra",
        "repo": "flake-compat",
        "rev": "0f9255e01c2351cc7d116c072cb317785dd33b33",
        "type": "github"
      },
      "original": {
        "owner": "edolstra",
        "repo": "flake-compat",
        "type": "github"
      }
    },
    "home-manager": {
      "inputs": {
        "nixpkgs": [
          "nixpkgs"
        ]
      },
      "locked": {
        "lastModified": 1728685293,
        "narHash": "sha256-1WowL96pksT/XCi+ZXHgqiQ9NiU5oxWuNIQYWqOoEYc=",
        "owner": "nix-community",
        "repo": "home-manager",
        "rev": "2b13611eaed8326789f76f70d21d06fbb14e3e47",
        "type": "github"
      },
      "original": {
        "owner": "nix-community",
        "repo": "home-manager",
        "type": "github"
      }
    },
    "nixpkgs": {
      "locked": {
        "lastModified": 1728705001,
        "narHash": "sha256-+2wEDMpr8vqGSpuL3HuVE86H9JLqYtstWw71jhu7WQE=",
        "owner": "nixos",
        "repo": "nixpkgs",
        "rev": "bb752745b2f44ebe6a70d5494af3101c739b3811",
        "type": "github"
      },
      "original": {
        "owner": "nixos",
        "ref": "master",
        "repo": "nixpkgs",
        "type": "github"
      }
    },
    "root": {
      "inputs": {
        "home-manager": "home-manager",
        "nixpkgs": "nixpkgs",
        "spicetify-nix": "spicetify-nix"
      }
    },
    "spicetify-nix": {
      "inputs": {
        "flake-compat": "flake-compat",
        "nixpkgs": [
          "nixpkgs"
        ]
      },
      "locked": {
        "lastModified": 1728620224,
        "narHash": "sha256-YfiNICuQO/+HheUQ9P9ijFOzQpiC7YmotA0W28fbRbE=",
        "owner": "Gerg-L",
        "repo": "spicetify-nix",
        "rev": "b4702ed0b3d634367e28c4d042bd1fd3fb29b692",
        "type": "github"
      },
      "original": {
        "owner": "Gerg-L",
        "repo": "spicetify-nix",
        "type": "github"
      }
    }
  },
  "root": "root",
  "version": 7
}
